
Microsoft Visual Studio Solution File, Format Version 12.00
# Visual Studio Version 17
VisualStudioVersion = 17.4.33205.214
MinimumVisualStudioVersion = 10.0.40219.1
Project("{FAE04EC0-301F-11D3-BF4B-00C04F79EFBC}") = "CarRental", "CarRental\CarRental.csproj", "{DA9CADD3-93AC-4527-B865-8CBCC6C4F02E}"
EndProject
Global
	GlobalSection(SolutionConfigurationPlatforms) = preSolution
		Debug|Any CPU = Debug|Any CPU
		Release|Any CPU = Release|Any CPU
	EndGlobalSection
	GlobalSection(ProjectConfigurationPlatforms) = postSolution
		{DA9CADD3-93AC-4527-B865-8CBCC6C4F02E}.Debug|Any CPU.ActiveCfg = Debug|Any CPU
		{DA9CADD3-93AC-4527-B865-8CBCC6C4F02E}.Debug|Any CPU.Build.0 = Debug|Any CPU
		{DA9CADD3-93AC-4527-B865-8CBCC6C4F02E}.Release|Any CPU.ActiveCfg = Release|Any CPU
		{DA9CADD3-93AC-4527-B865-8CBCC6C4F02E}.Release|Any CPU.Build.0 = Release|Any CPU
	EndGlobalSection
	GlobalSection(SolutionProperties) = preSolution
		HideSolutionNode = FALSE
	EndGlobalSection
	GlobalSection(ExtensibilityGlobals) = postSolution
		SolutionGuid = {06EB1385-8D51-461E-9928-CD531095BA02}
	EndGlobalSection
EndGlobal
